
Microsoft Visual Studio Solution File, Format Version 12.00
# Visual Studio Version 16
VisualStudioVersion = 16.0.30907.101
MinimumVisualStudioVersion = 10.0.40219.1
Project("{9A19103F-16F7-4668-BE54-9A1E7A4F7556}") = "BlazorMarkdig.Server", "BlazorMarkdig\Server\BlazorMarkdig.Server.csproj", "{B23F865C-2BA9-4522-852C-59B20E50BE45}"
EndProject
Project("{9A19103F-16F7-4668-BE54-9A1E7A4F7556}") = "BlazorMarkdig.Client", "BlazorMarkdig\Client\BlazorMarkdig.Client.csproj", "{B2460F4C-C309-4019-85F7-98FD2DF109C0}"
EndProject
Project("{9A19103F-16F7-4668-BE54-9A1E7A4F7556}") = "BlazorMarkdig.Shared", "BlazorMarkdig\Shared\BlazorMarkdig.Shared.csproj", "{EF8D1CDA-E53D-4303-A7A9-507AE154EEA8}"
EndProject
Project("{9A19103F-16F7-4668-BE54-9A1E7A4F7556}") = "MyOverflow.Api", "MyOverflow.Api\MyOverflow.Api.csproj", "{F8E426AC-9A96-44FF-A0F6-156139946176}"
EndProject
Project("{FAE04EC0-301F-11D3-BF4B-00C04F79EFBC}") = "MyOverflow.DataAccess.Cosmos", "MyOverflow.DataAccess.Cosmos\MyOverflow.DataAccess.Cosmos.csproj", "{5747780F-3816-4DE2-85EA-AFB22466F502}"
EndProject
Project("{2150E333-8FDC-42A3-9474-1A3956D46DE8}") = "Azure", "Azure", "{2BA4434F-CEDA-43D6-9A9B-1112294121DF}"
EndProject
Project("{2150E333-8FDC-42A3-9474-1A3956D46DE8}") = "ClientSide", "ClientSide", "{B5835130-0DA5-4510-B0BE-41DD3E13B178}"
EndProject
Project("{FAE04EC0-301F-11D3-BF4B-00C04F79EFBC}") = "MyOverflow.Shared", "MyOverflow.Shared\MyOverflow.Shared.csproj", "{9249EF22-D319-4217-A2FC-05BFC4D45615}"
EndProject
Global
	GlobalSection(SolutionConfigurationPlatforms) = preSolution
		Debug|Any CPU = Debug|Any CPU
		Release|Any CPU = Release|Any CPU
	EndGlobalSection
	GlobalSection(ProjectConfigurationPlatforms) = postSolution
		{B23F865C-2BA9-4522-852C-59B20E50BE45}.Debug|Any CPU.ActiveCfg = Debug|Any CPU
		{B23F865C-2BA9-4522-852C-59B20E50BE45}.Debug|Any CPU.Build.0 = Debug|Any CPU
		{B23F865C-2BA9-4522-852C-59B20E50BE45}.Release|Any CPU.ActiveCfg = Release|Any CPU
		{B23F865C-2BA9-4522-852C-59B20E50BE45}.Release|Any CPU.Build.0 = Release|Any CPU
		{B2460F4C-C309-4019-85F7-98FD2DF109C0}.Debug|Any CPU.ActiveCfg = Debug|Any CPU
		{B2460F4C-C309-4019-85F7-98FD2DF109C0}.Debug|Any CPU.Build.0 = Debug|Any CPU
		{B2460F4C-C309-4019-85F7-98FD2DF109C0}.Release|Any CPU.ActiveCfg = Release|Any CPU
		{B2460F4C-C309-4019-85F7-98FD2DF109C0}.Release|Any CPU.Build.0 = Release|Any CPU
		{EF8D1CDA-E53D-4303-A7A9-507AE154EEA8}.Debug|Any CPU.ActiveCfg = Debug|Any CPU
		{EF8D1CDA-E53D-4303-A7A9-507AE154EEA8}.Debug|Any CPU.Build.0 = Debug|Any CPU
		{EF8D1CDA-E53D-4303-A7A9-507AE154EEA8}.Release|Any CPU.ActiveCfg = Release|Any CPU
		{EF8D1CDA-E53D-4303-A7A9-507AE154EEA8}.Release|Any CPU.Build.0 = Release|Any CPU
		{F8E426AC-9A96-44FF-A0F6-156139946176}.Debug|Any CPU.ActiveCfg = Debug|Any CPU
		{F8E426AC-9A96-44FF-A0F6-156139946176}.Debug|Any CPU.Build.0 = Debug|Any CPU
		{F8E426AC-9A96-44FF-A0F6-156139946176}.Release|Any CPU.ActiveCfg = Release|Any CPU
		{F8E426AC-9A96-44FF-A0F6-156139946176}.Release|Any CPU.Build.0 = Release|Any CPU
		{5747780F-3816-4DE2-85EA-AFB22466F502}.Debug|Any CPU.ActiveCfg = Debug|Any CPU
		{5747780F-3816-4DE2-85EA-AFB22466F502}.Debug|Any CPU.Build.0 = Debug|Any CPU
		{5747780F-3816-4DE2-85EA-AFB22466F502}.Release|Any CPU.ActiveCfg = Release|Any CPU
		{5747780F-3816-4DE2-85EA-AFB22466F502}.Release|Any CPU.Build.0 = Release|Any CPU
		{9249EF22-D319-4217-A2FC-05BFC4D45615}.Debug|Any CPU.ActiveCfg = Debug|Any CPU
		{9249EF22-D319-4217-A2FC-05BFC4D45615}.Debug|Any CPU.Build.0 = Debug|Any CPU
		{9249EF22-D319-4217-A2FC-05BFC4D45615}.Release|Any CPU.ActiveCfg = Release|Any CPU
		{9249EF22-D319-4217-A2FC-05BFC4D45615}.Release|Any CPU.Build.0 = Release|Any CPU
	EndGlobalSection
	GlobalSection(SolutionProperties) = preSolution
		HideSolutionNode = FALSE
	EndGlobalSection
	GlobalSection(NestedProjects) = preSolution
		{B23F865C-2BA9-4522-852C-59B20E50BE45} = {B5835130-0DA5-4510-B0BE-41DD3E13B178}
		{B2460F4C-C309-4019-85F7-98FD2DF109C0} = {B5835130-0DA5-4510-B0BE-41DD3E13B178}
		{EF8D1CDA-E53D-4303-A7A9-507AE154EEA8} = {B5835130-0DA5-4510-B0BE-41DD3E13B178}
		{F8E426AC-9A96-44FF-A0F6-156139946176} = {2BA4434F-CEDA-43D6-9A9B-1112294121DF}
		{5747780F-3816-4DE2-85EA-AFB22466F502} = {2BA4434F-CEDA-43D6-9A9B-1112294121DF}
		{9249EF22-D319-4217-A2FC-05BFC4D45615} = {2BA4434F-CEDA-43D6-9A9B-1112294121DF}
	EndGlobalSection
	GlobalSection(ExtensibilityGlobals) = postSolution
		SolutionGuid = {A1E2371F-A9D8-4CEA-8DDD-14F4BEAE5036}
	EndGlobalSection
EndGlobal
